
Microsoft Visual Studio Solution File, Format Version 12.00
# Visual Studio Version 16
VisualStudioVersion = 16.0.31205.134
MinimumVisualStudioVersion = 10.0.40219.1
Project("{FAE04EC0-301F-11D3-BF4B-00C04F79EFBC}") = "WindowsFormsApp1", "WindowsFormsApp1\WindowsFormsApp1.csproj", "{C881013F-8651-437F-9251-C6A8AEAF82BB}"
EndProject
Global
	GlobalSection(SolutionConfigurationPlatforms) = preSolution
		Debug|Any CPU = Debug|Any CPU
		Release|Any CPU = Release|Any CPU
	EndGlobalSection
	GlobalSection(ProjectConfigurationPlatforms) = postSolution
		{C881013F-8651-437F-9251-C6A8AEAF82BB}.Debug|Any CPU.ActiveCfg = Debug|Any CPU
		{C881013F-8651-437F-9251-C6A8AEAF82BB}.Debug|Any CPU.Build.0 = Debug|Any CPU
		{C881013F-8651-437F-9251-C6A8AEAF82BB}.Release|Any CPU.ActiveCfg = Release|Any CPU
		{C881013F-8651-437F-9251-C6A8AEAF82BB}.Release|Any CPU.Build.0 = Release|Any CPU
	EndGlobalSection
	GlobalSection(SolutionProperties) = preSolution
		HideSolutionNode = FALSE
	EndGlobalSection
	GlobalSection(ExtensibilityGlobals) = postSolution
		SolutionGuid = {B3FF6483-E9E2-462A-9AA0-97F60E28805F}
	EndGlobalSection
EndGlobal
